// !$*UTF8*$!
{
	archiveVersion = 1;
	classes = {
	};
	objectVersion = 50;
	objects = {

/* Begin PBXBuildFile section */
		3036461560526AFC903F8434 /* Pods_recipes_recipesUITests.framework in Frameworks */ = {isa = PBXBuildFile; fileRef = 97B91D799D1D678208702BE5 /* Pods_recipes_recipesUITests.framework */; };
		5BB37261267BB0D900B3B953 /* AppDelegate.swift in Sources */ = {isa = PBXBuildFile; fileRef = 5BB37260267BB0D900B3B953 /* AppDelegate.swift */; };
		5BB37263267BB0D900B3B953 /* SceneDelegate.swift in Sources */ = {isa = PBXBuildFile; fileRef = 5BB37262267BB0D900B3B953 /* SceneDelegate.swift */; };
		5BB3726A267BB0DA00B3B953 /* Assets.xcassets in Resources */ = {isa = PBXBuildFile; fileRef = 5BB37269267BB0DA00B3B953 /* Assets.xcassets */; };
		5BB3726D267BB0DA00B3B953 /* LaunchScreen.storyboard in Resources */ = {isa = PBXBuildFile; fileRef = 5BB3726B267BB0DA00B3B953 /* LaunchScreen.storyboard */; };
		5BB37278267BB0DA00B3B953 /* recipesTests.swift in Sources */ = {isa = PBXBuildFile; fileRef = 5BB37277267BB0DA00B3B953 /* recipesTests.swift */; };
		5BB37283267BB0DA00B3B953 /* recipesUITests.swift in Sources */ = {isa = PBXBuildFile; fileRef = 5BB37282267BB0DA00B3B953 /* recipesUITests.swift */; };
		C6B5584AA3E649E7C425009B /* Pods_recipesTests.framework in Frameworks */ = {isa = PBXBuildFile; fileRef = 37F7FD8FADBC3123D7332087 /* Pods_recipesTests.framework */; };
		F38B332A728BEBC205D30693 /* Pods_recipes.framework in Frameworks */ = {isa = PBXBuildFile; fileRef = D7AB3C8E84979BFE775FA843 /* Pods_recipes.framework */; };
/* End PBXBuildFile section */

/* Begin PBXContainerItemProxy section */
		5BB37274267BB0DA00B3B953 /* PBXContainerItemProxy */ = {
			isa = PBXContainerItemProxy;
			containerPortal = 5BB37255267BB0D800B3B953 /* Project object */;
			proxyType = 1;
			remoteGlobalIDString = 5BB3725C267BB0D900B3B953;
			remoteInfo = recipes;
		};
		5BB3727F267BB0DA00B3B953 /* PBXContainerItemProxy */ = {
			isa = PBXContainerItemProxy;
			containerPortal = 5BB37255267BB0D800B3B953 /* Project object */;
			proxyType = 1;
			remoteGlobalIDString = 5BB3725C267BB0D900B3B953;
			remoteInfo = recipes;
		};
/* End PBXContainerItemProxy section */

/* Begin PBXFileReference section */
		2609754F0CE32F666C43907B /* Pods-recipes-recipesUITests.debug.xcconfig */ = {isa = PBXFileReference; includeInIndex = 1; lastKnownFileType = text.xcconfig; name = "Pods-recipes-recipesUITests.debug.xcconfig"; path = "Target Support Files/Pods-recipes-recipesUITests/Pods-recipes-recipesUITests.debug.xcconfig"; sourceTree = "<group>"; };
		270EC49AD434A8D02F89200A /* Pods-recipes-recipesUITests.release.xcconfig */ = {isa = PBXFileReference; includeInIndex = 1; lastKnownFileType = text.xcconfig; name = "Pods-recipes-recipesUITests.release.xcconfig"; path = "Target Support Files/Pods-recipes-recipesUITests/Pods-recipes-recipesUITests.release.xcconfig"; sourceTree = "<group>"; };
		278652C272873DF2B4164B79 /* Pods-recipesTests.debug.xcconfig */ = {isa = PBXFileReference; includeInIndex = 1; lastKnownFileType = text.xcconfig; name = "Pods-recipesTests.debug.xcconfig"; path = "Target Support Files/Pods-recipesTests/Pods-recipesTests.debug.xcconfig"; sourceTree = "<group>"; };
		37F7FD8FADBC3123D7332087 /* Pods_recipesTests.framework */ = {isa = PBXFileReference; explicitFileType = wrapper.framework; includeInIndex = 0; path = Pods_recipesTests.framework; sourceTree = BUILT_PRODUCTS_DIR; };
		5BB3725D267BB0D900B3B953 /* recipes.app */ = {isa = PBXFileReference; explicitFileType = wrapper.application; includeInIndex = 0; path = recipes.app; sourceTree = BUILT_PRODUCTS_DIR; };
		5BB37260267BB0D900B3B953 /* AppDelegate.swift */ = {isa = PBXFileReference; lastKnownFileType = sourcecode.swift; path = AppDelegate.swift; sourceTree = "<group>"; };
		5BB37262267BB0D900B3B953 /* SceneDelegate.swift */ = {isa = PBXFileReference; lastKnownFileType = sourcecode.swift; path = SceneDelegate.swift; sourceTree = "<group>"; };
		5BB37269267BB0DA00B3B953 /* Assets.xcassets */ = {isa = PBXFileReference; lastKnownFileType = folder.assetcatalog; path = Assets.xcassets; sourceTree = "<group>"; };
		5BB3726C267BB0DA00B3B953 /* Base */ = {isa = PBXFileReference; lastKnownFileType = file.storyboard; name = Base; path = Base.lproj/LaunchScreen.storyboard; sourceTree = "<group>"; };
		5BB3726E267BB0DA00B3B953 /* Info.plist */ = {isa = PBXFileReference; lastKnownFileType = text.plist.xml; path = Info.plist; sourceTree = "<group>"; };
		5BB37273267BB0DA00B3B953 /* recipesTests.xctest */ = {isa = PBXFileReference; explicitFileType = wrapper.cfbundle; includeInIndex = 0; path = recipesTests.xctest; sourceTree = BUILT_PRODUCTS_DIR; };
		5BB37277267BB0DA00B3B953 /* recipesTests.swift */ = {isa = PBXFileReference; lastKnownFileType = sourcecode.swift; path = recipesTests.swift; sourceTree = "<group>"; };
		5BB37279267BB0DA00B3B953 /* Info.plist */ = {isa = PBXFileReference; lastKnownFileType = text.plist.xml; path = Info.plist; sourceTree = "<group>"; };
		5BB3727E267BB0DA00B3B953 /* recipesUITests.xctest */ = {isa = PBXFileReference; explicitFileType = wrapper.cfbundle; includeInIndex = 0; path = recipesUITests.xctest; sourceTree = BUILT_PRODUCTS_DIR; };
		5BB37282267BB0DA00B3B953 /* recipesUITests.swift */ = {isa = PBXFileReference; lastKnownFileType = sourcecode.swift; path = recipesUITests.swift; sourceTree = "<group>"; };
		5BB37284267BB0DA00B3B953 /* Info.plist */ = {isa = PBXFileReference; lastKnownFileType = text.plist.xml; path = Info.plist; sourceTree = "<group>"; };
		8F7A4805D0297FA93FF45513 /* Pods-recipes.debug.xcconfig */ = {isa = PBXFileReference; includeInIndex = 1; lastKnownFileType = text.xcconfig; name = "Pods-recipes.debug.xcconfig"; path = "Target Support Files/Pods-recipes/Pods-recipes.debug.xcconfig"; sourceTree = "<group>"; };
		97B91D799D1D678208702BE5 /* Pods_recipes_recipesUITests.framework */ = {isa = PBXFileReference; explicitFileType = wrapper.framework; includeInIndex = 0; path = Pods_recipes_recipesUITests.framework; sourceTree = BUILT_PRODUCTS_DIR; };
		CB5BC139624CC7AD3BE31910 /* Pods-recipesTests.release.xcconfig */ = {isa = PBXFileReference; includeInIndex = 1; lastKnownFileType = text.xcconfig; name = "Pods-recipesTests.release.xcconfig"; path = "Target Support Files/Pods-recipesTests/Pods-recipesTests.release.xcconfig"; sourceTree = "<group>"; };
		D7AB3C8E84979BFE775FA843 /* Pods_recipes.framework */ = {isa = PBXFileReference; explicitFileType = wrapper.framework; includeInIndex = 0; path = Pods_recipes.framework; sourceTree = BUILT_PRODUCTS_DIR; };
		E1966B2266D94390E91B16D1 /* Pods-recipes.release.xcconfig */ = {isa = PBXFileReference; includeInIndex = 1; lastKnownFileType = text.xcconfig; name = "Pods-recipes.release.xcconfig"; path = "Target Support Files/Pods-recipes/Pods-recipes.release.xcconfig"; sourceTree = "<group>"; };
/* End PBXFileReference section */

/* Begin PBXFrameworksBuildPhase section */
		5BB3725A267BB0D900B3B953 /* Frameworks */ = {
			isa = PBXFrameworksBuildPhase;
			buildActionMask = 2147483647;
			files = (
				F38B332A728BEBC205D30693 /* Pods_recipes.framework in Frameworks */,
			);
			runOnlyForDeploymentPostprocessing = 0;
		};
		5BB37270267BB0DA00B3B953 /* Frameworks */ = {
			isa = PBXFrameworksBuildPhase;
			buildActionMask = 2147483647;
			files = (
				C6B5584AA3E649E7C425009B /* Pods_recipesTests.framework in Frameworks */,
			);
			runOnlyForDeploymentPostprocessing = 0;
		};
		5BB3727B267BB0DA00B3B953 /* Frameworks */ = {
			isa = PBXFrameworksBuildPhase;
			buildActionMask = 2147483647;
			files = (
				3036461560526AFC903F8434 /* Pods_recipes_recipesUITests.framework in Frameworks */,
			);
			runOnlyForDeploymentPostprocessing = 0;
		};
/* End PBXFrameworksBuildPhase section */

/* Begin PBXGroup section */
		372D21C3A879BED2F9FE2431 /* Frameworks */ = {
			isa = PBXGroup;
			children = (
				D7AB3C8E84979BFE775FA843 /* Pods_recipes.framework */,
				97B91D799D1D678208702BE5 /* Pods_recipes_recipesUITests.framework */,
				37F7FD8FADBC3123D7332087 /* Pods_recipesTests.framework */,
			);
			name = Frameworks;
			sourceTree = "<group>";
		};
		5BB37254267BB0D800B3B953 = {
			isa = PBXGroup;
			children = (
				5BB3725F267BB0D900B3B953 /* recipes */,
				5BB37276267BB0DA00B3B953 /* recipesTests */,
				5BB37281267BB0DA00B3B953 /* recipesUITests */,
				5BB3725E267BB0D900B3B953 /* Products */,
				DEDE8FA74B9C31A12EA066FC /* Pods */,
				372D21C3A879BED2F9FE2431 /* Frameworks */,
			);
			sourceTree = "<group>";
		};
		5BB3725E267BB0D900B3B953 /* Products */ = {
			isa = PBXGroup;
			children = (
				5BB3725D267BB0D900B3B953 /* recipes.app */,
				5BB37273267BB0DA00B3B953 /* recipesTests.xctest */,
				5BB3727E267BB0DA00B3B953 /* recipesUITests.xctest */,
			);
			name = Products;
			sourceTree = "<group>";
		};
		5BB3725F267BB0D900B3B953 /* recipes */ = {
			isa = PBXGroup;
			children = (
				5BB37293267BB1DC00B3B953 /* App */,
				5BB3729A267BB1EB00B3B953 /* Resources */,
				5BB3729B267BB1F600B3B953 /* Supporting Files */,
			);
			path = recipes;
			sourceTree = "<group>";
		};
		5BB37276267BB0DA00B3B953 /* recipesTests */ = {
			isa = PBXGroup;
			children = (
				5BB37277267BB0DA00B3B953 /* recipesTests.swift */,
				5BB37279267BB0DA00B3B953 /* Info.plist */,
			);
			path = recipesTests;
			sourceTree = "<group>";
		};
		5BB37281267BB0DA00B3B953 /* recipesUITests */ = {
			isa = PBXGroup;
			children = (
				5BB37282267BB0DA00B3B953 /* recipesUITests.swift */,
				5BB37284267BB0DA00B3B953 /* Info.plist */,
			);
			path = recipesUITests;
			sourceTree = "<group>";
		};
		5BB37293267BB1DC00B3B953 /* App */ = {
			isa = PBXGroup;
			children = (
				5BB37260267BB0D900B3B953 /* AppDelegate.swift */,
				5BB37262267BB0D900B3B953 /* SceneDelegate.swift */,
			);
			path = App;
			sourceTree = "<group>";
		};
		5BB3729A267BB1EB00B3B953 /* Resources */ = {
			isa = PBXGroup;
			children = (
				5BB37269267BB0DA00B3B953 /* Assets.xcassets */,
			);
			path = Resources;
			sourceTree = "<group>";
		};
		5BB3729B267BB1F600B3B953 /* Supporting Files */ = {
			isa = PBXGroup;
			children = (
				5BB3726B267BB0DA00B3B953 /* LaunchScreen.storyboard */,
				5BB3726E267BB0DA00B3B953 /* Info.plist */,
			);
			path = "Supporting Files";
			sourceTree = "<group>";
		};
		DEDE8FA74B9C31A12EA066FC /* Pods */ = {
			isa = PBXGroup;
			children = (
				8F7A4805D0297FA93FF45513 /* Pods-recipes.debug.xcconfig */,
				E1966B2266D94390E91B16D1 /* Pods-recipes.release.xcconfig */,
				2609754F0CE32F666C43907B /* Pods-recipes-recipesUITests.debug.xcconfig */,
				270EC49AD434A8D02F89200A /* Pods-recipes-recipesUITests.release.xcconfig */,
				278652C272873DF2B4164B79 /* Pods-recipesTests.debug.xcconfig */,
				CB5BC139624CC7AD3BE31910 /* Pods-recipesTests.release.xcconfig */,
			);
			path = Pods;
			sourceTree = "<group>";
		};
/* End PBXGroup section */

/* Begin PBXNativeTarget section */
		5BB3725C267BB0D900B3B953 /* recipes */ = {
			isa = PBXNativeTarget;
			buildConfigurationList = 5BB37287267BB0DA00B3B953 /* Build configuration list for PBXNativeTarget "recipes" */;
			buildPhases = (
				4459114B5492A2E6C3385682 /* [CP] Check Pods Manifest.lock */,
				5BB37259267BB0D900B3B953 /* Sources */,
				5BB3725A267BB0D900B3B953 /* Frameworks */,
				5BB3725B267BB0D900B3B953 /* Resources */,
			);
			buildRules = (
			);
			dependencies = (
			);
			name = recipes;
			productName = recipes;
			productReference = 5BB3725D267BB0D900B3B953 /* recipes.app */;
			productType = "com.apple.product-type.application";
		};
		5BB37272267BB0DA00B3B953 /* recipesTests */ = {
			isa = PBXNativeTarget;
			buildConfigurationList = 5BB3728A267BB0DA00B3B953 /* Build configuration list for PBXNativeTarget "recipesTests" */;
			buildPhases = (
				B94508D6DF639DC1669DD4E6 /* [CP] Check Pods Manifest.lock */,
				5BB3726F267BB0DA00B3B953 /* Sources */,
				5BB37270267BB0DA00B3B953 /* Frameworks */,
				5BB37271267BB0DA00B3B953 /* Resources */,
			);
			buildRules = (
			);
			dependencies = (
				5BB37275267BB0DA00B3B953 /* PBXTargetDependency */,
			);
			name = recipesTests;
			productName = recipesTests;
			productReference = 5BB37273267BB0DA00B3B953 /* recipesTests.xctest */;
			productType = "com.apple.product-type.bundle.unit-test";
		};
		5BB3727D267BB0DA00B3B953 /* recipesUITests */ = {
			isa = PBXNativeTarget;
			buildConfigurationList = 5BB3728D267BB0DA00B3B953 /* Build configuration list for PBXNativeTarget "recipesUITests" */;
			buildPhases = (
				99318558A90E7CEE2D815C33 /* [CP] Check Pods Manifest.lock */,
				5BB3727A267BB0DA00B3B953 /* Sources */,
				5BB3727B267BB0DA00B3B953 /* Frameworks */,
				5BB3727C267BB0DA00B3B953 /* Resources */,
			);
			buildRules = (
			);
			dependencies = (
				5BB37280267BB0DA00B3B953 /* PBXTargetDependency */,
			);
			name = recipesUITests;
			productName = recipesUITests;
			productReference = 5BB3727E267BB0DA00B3B953 /* recipesUITests.xctest */;
			productType = "com.apple.product-type.bundle.ui-testing";
		};
/* End PBXNativeTarget section */

/* Begin PBXProject section */
		5BB37255267BB0D800B3B953 /* Project object */ = {
			isa = PBXProject;
			attributes = {
				LastSwiftUpdateCheck = 1230;
				LastUpgradeCheck = 1230;
				TargetAttributes = {
					5BB3725C267BB0D900B3B953 = {
						CreatedOnToolsVersion = 12.3;
					};
					5BB37272267BB0DA00B3B953 = {
						CreatedOnToolsVersion = 12.3;
						TestTargetID = 5BB3725C267BB0D900B3B953;
					};
					5BB3727D267BB0DA00B3B953 = {
						CreatedOnToolsVersion = 12.3;
						TestTargetID = 5BB3725C267BB0D900B3B953;
					};
				};
			};
			buildConfigurationList = 5BB37258267BB0D800B3B953 /* Build configuration list for PBXProject "recipes" */;
			compatibilityVersion = "Xcode 9.3";
			developmentRegion = en;
			hasScannedForEncodings = 0;
			knownRegions = (
				en,
				Base,
			);
			mainGroup = 5BB37254267BB0D800B3B953;
			productRefGroup = 5BB3725E267BB0D900B3B953 /* Products */;
			projectDirPath = "";
			projectRoot = "";
			targets = (
				5BB3725C267BB0D900B3B953 /* recipes */,
				5BB37272267BB0DA00B3B953 /* recipesTests */,
				5BB3727D267BB0DA00B3B953 /* recipesUITests */,
			);
		};
/* End PBXProject section */

/* Begin PBXResourcesBuildPhase section */
		5BB3725B267BB0D900B3B953 /* Resources */ = {
			isa = PBXResourcesBuildPhase;
			buildActionMask = 2147483647;
			files = (
				5BB3726D267BB0DA00B3B953 /* LaunchScreen.storyboard in Resources */,
				5BB3726A267BB0DA00B3B953 /* Assets.xcassets in Resources */,
			);
			runOnlyForDeploymentPostprocessing = 0;
		};
		5BB37271267BB0DA00B3B953 /* Resources */ = {
			isa = PBXResourcesBuildPhase;
			buildActionMask = 2147483647;
			files = (
			);
			runOnlyForDeploymentPostprocessing = 0;
		};
		5BB3727C267BB0DA00B3B953 /* Resources */ = {
			isa = PBXResourcesBuildPhase;
			buildActionMask = 2147483647;
			files = (
			);
			runOnlyForDeploymentPostprocessing = 0;
		};
/* End PBXResourcesBuildPhase section */

/* Begin PBXShellScriptBuildPhase section */
		4459114B5492A2E6C3385682 /* [CP] Check Pods Manifest.lock */ = {
			isa = PBXShellScriptBuildPhase;
			buildActionMask = 2147483647;
			files = (
			);
			inputFileListPaths = (
			);
			inputPaths = (
				"${PODS_PODFILE_DIR_PATH}/Podfile.lock",
				"${PODS_ROOT}/Manifest.lock",
			);
			name = "[CP] Check Pods Manifest.lock";
			outputFileListPaths = (
			);
			outputPaths = (
				"$(DERIVED_FILE_DIR)/Pods-recipes-checkManifestLockResult.txt",
			);
			runOnlyForDeploymentPostprocessing = 0;
			shellPath = /bin/sh;
			shellScript = "diff \"${PODS_PODFILE_DIR_PATH}/Podfile.lock\" \"${PODS_ROOT}/Manifest.lock\" > /dev/null\nif [ $? != 0 ] ; then\n    # print error to STDERR\n    echo \"error: The sandbox is not in sync with the Podfile.lock. Run 'pod install' or update your CocoaPods installation.\" >&2\n    exit 1\nfi\n# This output is used by Xcode 'outputs' to avoid re-running this script phase.\necho \"SUCCESS\" > \"${SCRIPT_OUTPUT_FILE_0}\"\n";
			showEnvVarsInLog = 0;
		};
		99318558A90E7CEE2D815C33 /* [CP] Check Pods Manifest.lock */ = {
			isa = PBXShellScriptBuildPhase;
			buildActionMask = 2147483647;
			files = (
			);
			inputFileListPaths = (
			);
			inputPaths = (
				"${PODS_PODFILE_DIR_PATH}/Podfile.lock",
				"${PODS_ROOT}/Manifest.lock",
			);
			name = "[CP] Check Pods Manifest.lock";
			outputFileListPaths = (
			);
			outputPaths = (
				"$(DERIVED_FILE_DIR)/Pods-recipes-recipesUITests-checkManifestLockResult.txt",
			);
			runOnlyForDeploymentPostprocessing = 0;
			shellPath = /bin/sh;
			shellScript = "diff \"${PODS_PODFILE_DIR_PATH}/Podfile.lock\" \"${PODS_ROOT}/Manifest.lock\" > /dev/null\nif [ $? != 0 ] ; then\n    # print error to STDERR\n    echo \"error: The sandbox is not in sync with the Podfile.lock. Run 'pod install' or update your CocoaPods installation.\" >&2\n    exit 1\nfi\n# This output is used by Xcode 'outputs' to avoid re-running this script phase.\necho \"SUCCESS\" > \"${SCRIPT_OUTPUT_FILE_0}\"\n";
			showEnvVarsInLog = 0;
		};
		B94508D6DF639DC1669DD4E6 /* [CP] Check Pods Manifest.lock */ = {
			isa = PBXShellScriptBuildPhase;
			buildActionMask = 2147483647;
			files = (
			);
			inputFileListPaths = (
			);
			inputPaths = (
				"${PODS_PODFILE_DIR_PATH}/Podfile.lock",
				"${PODS_ROOT}/Manifest.lock",
			);
			name = "[CP] Check Pods Manifest.lock";
			outputFileListPaths = (
			);
			outputPaths = (
				"$(DERIVED_FILE_DIR)/Pods-recipesTests-checkManifestLockResult.txt",
			);
			runOnlyForDeploymentPostprocessing = 0;
			shellPath = /bin/sh;
			shellScript = "diff \"${PODS_PODFILE_DIR_PATH}/Podfile.lock\" \"${PODS_ROOT}/Manifest.lock\" > /dev/null\nif [ $? != 0 ] ; then\n    # print error to STDERR\n    echo \"error: The sandbox is not in sync with the Podfile.lock. Run 'pod install' or update your CocoaPods installation.\" >&2\n    exit 1\nfi\n# This output is used by Xcode 'outputs' to avoid re-running this script phase.\necho \"SUCCESS\" > \"${SCRIPT_OUTPUT_FILE_0}\"\n";
			showEnvVarsInLog = 0;
		};
/* End PBXShellScriptBuildPhase section */

/* Begin PBXSourcesBuildPhase section */
		5BB37259267BB0D900B3B953 /* Sources */ = {
			isa = PBXSourcesBuildPhase;
			buildActionMask = 2147483647;
			files = (
				5BB37261267BB0D900B3B953 /* AppDelegate.swift in Sources */,
				5BB37263267BB0D900B3B953 /* SceneDelegate.swift in Sources */,
			);
			runOnlyForDeploymentPostprocessing = 0;
		};
		5BB3726F267BB0DA00B3B953 /* Sources */ = {
			isa = PBXSourcesBuildPhase;
			buildActionMask = 2147483647;
			files = (
				5BB37278267BB0DA00B3B953 /* recipesTests.swift in Sources */,
			);
			runOnlyForDeploymentPostprocessing = 0;
		};
		5BB3727A267BB0DA00B3B953 /* Sources */ = {
			isa = PBXSourcesBuildPhase;
			buildActionMask = 2147483647;
			files = (
				5BB37283267BB0DA00B3B953 /* recipesUITests.swift in Sources */,
			);
			runOnlyForDeploymentPostprocessing = 0;
		};
/* End PBXSourcesBuildPhase section */

/* Begin PBXTargetDependency section */
		5BB37275267BB0DA00B3B953 /* PBXTargetDependency */ = {
			isa = PBXTargetDependency;
			target = 5BB3725C267BB0D900B3B953 /* recipes */;
			targetProxy = 5BB37274267BB0DA00B3B953 /* PBXContainerItemProxy */;
		};
		5BB37280267BB0DA00B3B953 /* PBXTargetDependency */ = {
			isa = PBXTargetDependency;
			target = 5BB3725C267BB0D900B3B953 /* recipes */;
			targetProxy = 5BB3727F267BB0DA00B3B953 /* PBXContainerItemProxy */;
		};
/* End PBXTargetDependency section */

/* Begin PBXVariantGroup section */
		5BB3726B267BB0DA00B3B953 /* LaunchScreen.storyboard */ = {
			isa = PBXVariantGroup;
			children = (
				5BB3726C267BB0DA00B3B953 /* Base */,
			);
			name = LaunchScreen.storyboard;
			sourceTree = "<group>";
		};
/* End PBXVariantGroup section */

/* Begin XCBuildConfiguration section */
		5BB37285267BB0DA00B3B953 /* Debug */ = {
			isa = XCBuildConfiguration;
			buildSettings = {
				ALWAYS_SEARCH_USER_PATHS = NO;
				CLANG_ANALYZER_NONNULL = YES;
				CLANG_ANALYZER_NUMBER_OBJECT_CONVERSION = YES_AGGRESSIVE;
				CLANG_CXX_LANGUAGE_STANDARD = "gnu++14";
				CLANG_CXX_LIBRARY = "libc++";
				CLANG_ENABLE_MODULES = YES;
				CLANG_ENABLE_OBJC_ARC = YES;
				CLANG_ENABLE_OBJC_WEAK = YES;
				CLANG_WARN_BLOCK_CAPTURE_AUTORELEASING = YES;
				CLANG_WARN_BOOL_CONVERSION = YES;
				CLANG_WARN_COMMA = YES;
				CLANG_WARN_CONSTANT_CONVERSION = YES;
				CLANG_WARN_DEPRECATED_OBJC_IMPLEMENTATIONS = YES;
				CLANG_WARN_DIRECT_OBJC_ISA_USAGE = YES_ERROR;
				CLANG_WARN_DOCUMENTATION_COMMENTS = YES;
				CLANG_WARN_EMPTY_BODY = YES;
				CLANG_WARN_ENUM_CONVERSION = YES;
				CLANG_WARN_INFINITE_RECURSION = YES;
				CLANG_WARN_INT_CONVERSION = YES;
				CLANG_WARN_NON_LITERAL_NULL_CONVERSION = YES;
				CLANG_WARN_OBJC_IMPLICIT_RETAIN_SELF = YES;
				CLANG_WARN_OBJC_LITERAL_CONVERSION = YES;
				CLANG_WARN_OBJC_ROOT_CLASS = YES_ERROR;
				CLANG_WARN_QUOTED_INCLUDE_IN_FRAMEWORK_HEADER = YES;
				CLANG_WARN_RANGE_LOOP_ANALYSIS = YES;
				CLANG_WARN_STRICT_PROTOTYPES = YES;
				CLANG_WARN_SUSPICIOUS_MOVE = YES;
				CLANG_WARN_UNGUARDED_AVAILABILITY = YES_AGGRESSIVE;
				CLANG_WARN_UNREACHABLE_CODE = YES;
				CLANG_WARN__DUPLICATE_METHOD_MATCH = YES;
				COPY_PHASE_STRIP = NO;
				DEBUG_INFORMATION_FORMAT = dwarf;
				ENABLE_STRICT_OBJC_MSGSEND = YES;
				ENABLE_TESTABILITY = YES;
				GCC_C_LANGUAGE_STANDARD = gnu11;
				GCC_DYNAMIC_NO_PIC = NO;
				GCC_NO_COMMON_BLOCKS = YES;
				GCC_OPTIMIZATION_LEVEL = 0;
				GCC_PREPROCESSOR_DEFINITIONS = (
					"DEBUG=1",
					"$(inherited)",
				);
				GCC_WARN_64_TO_32_BIT_CONVERSION = YES;
				GCC_WARN_ABOUT_RETURN_TYPE = YES_ERROR;
				GCC_WARN_UNDECLARED_SELECTOR = YES;
				GCC_WARN_UNINITIALIZED_AUTOS = YES_AGGRESSIVE;
				GCC_WARN_UNUSED_FUNCTION = YES;
				GCC_WARN_UNUSED_VARIABLE = YES;
				IPHONEOS_DEPLOYMENT_TARGET = 11.0;
				MTL_ENABLE_DEBUG_INFO = INCLUDE_SOURCE;
				MTL_FAST_MATH = YES;
				ONLY_ACTIVE_ARCH = YES;
				SDKROOT = iphoneos;
				SWIFT_ACTIVE_COMPILATION_CONDITIONS = DEBUG;
				SWIFT_OPTIMIZATION_LEVEL = "-Onone";
			};
			name = Debug;
		};
		5BB37286267BB0DA00B3B953 /* Release */ = {
			isa = XCBuildConfiguration;
			buildSettings = {
				ALWAYS_SEARCH_USER_PATHS = NO;
				CLANG_ANALYZER_NONNULL = YES;
				CLANG_ANALYZER_NUMBER_OBJECT_CONVERSION = YES_AGGRESSIVE;
				CLANG_CXX_LANGUAGE_STANDARD = "gnu++14";
				CLANG_CXX_LIBRARY = "libc++";
				CLANG_ENABLE_MODULES = YES;
				CLANG_ENABLE_OBJC_ARC = YES;
				CLANG_ENABLE_OBJC_WEAK = YES;
				CLANG_WARN_BLOCK_CAPTURE_AUTORELEASING = YES;
				CLANG_WARN_BOOL_CONVERSION = YES;
				CLANG_WARN_COMMA = YES;
				CLANG_WARN_CONSTANT_CONVERSION = YES;
				CLANG_WARN_DEPRECATED_OBJC_IMPLEMENTATIONS = YES;
				CLANG_WARN_DIRECT_OBJC_ISA_USAGE = YES_ERROR;
				CLANG_WARN_DOCUMENTATION_COMMENTS = YES;
				CLANG_WARN_EMPTY_BODY = YES;
				CLANG_WARN_ENUM_CONVERSION = YES;
				CLANG_WARN_INFINITE_RECURSION = YES;
				CLANG_WARN_INT_CONVERSION = YES;
				CLANG_WARN_NON_LITERAL_NULL_CONVERSION = YES;
				CLANG_WARN_OBJC_IMPLICIT_RETAIN_SELF = YES;
				CLANG_WARN_OBJC_LITERAL_CONVERSION = YES;
				CLANG_WARN_OBJC_ROOT_CLASS = YES_ERROR;
				CLANG_WARN_QUOTED_INCLUDE_IN_FRAMEWORK_HEADER = YES;
				CLANG_WARN_RANGE_LOOP_ANALYSIS = YES;
				CLANG_WARN_STRICT_PROTOTYPES = YES;
				CLANG_WARN_SUSPICIOUS_MOVE = YES;
				CLANG_WARN_UNGUARDED_AVAILABILITY = YES_AGGRESSIVE;
				CLANG_WARN_UNREACHABLE_CODE = YES;
				CLANG_WARN__DUPLICATE_METHOD_MATCH = YES;
				COPY_PHASE_STRIP = NO;
				DEBUG_INFORMATION_FORMAT = "dwarf-with-dsym";
				ENABLE_NS_ASSERTIONS = NO;
				ENABLE_STRICT_OBJC_MSGSEND = YES;
				GCC_C_LANGUAGE_STANDARD = gnu11;
				GCC_NO_COMMON_BLOCKS = YES;
				GCC_WARN_64_TO_32_BIT_CONVERSION = YES;
				GCC_WARN_ABOUT_RETURN_TYPE = YES_ERROR;
				GCC_WARN_UNDECLARED_SELECTOR = YES;
				GCC_WARN_UNINITIALIZED_AUTOS = YES_AGGRESSIVE;
				GCC_WARN_UNUSED_FUNCTION = YES;
				GCC_WARN_UNUSED_VARIABLE = YES;
				IPHONEOS_DEPLOYMENT_TARGET = 11.0;
				MTL_ENABLE_DEBUG_INFO = NO;
				MTL_FAST_MATH = YES;
				SDKROOT = iphoneos;
				SWIFT_COMPILATION_MODE = wholemodule;
				SWIFT_OPTIMIZATION_LEVEL = "-O";
				VALIDATE_PRODUCT = YES;
			};
			name = Release;
		};
		5BB37288267BB0DA00B3B953 /* Debug */ = {
			isa = XCBuildConfiguration;
			baseConfigurationReference = 8F7A4805D0297FA93FF45513 /* Pods-recipes.debug.xcconfig */;
			buildSettings = {
				ASSETCATALOG_COMPILER_APPICON_NAME = AppIcon;
				ASSETCATALOG_COMPILER_GLOBAL_ACCENT_COLOR_NAME = AccentColor;
				CODE_SIGN_STYLE = Automatic;
				DEVELOPMENT_TEAM = N3H6G9NC2G;
				INFOPLIST_FILE = "recipes/Supporting Files/Info.plist";
				IPHONEOS_DEPLOYMENT_TARGET = 11.0;
				LD_RUNPATH_SEARCH_PATHS = (
					"$(inherited)",
					"@executable_path/Frameworks",
				);
				PRODUCT_BUNDLE_IDENTIFIER = com.elsaadany.recipes;
				PRODUCT_NAME = "$(TARGET_NAME)";
				SWIFT_VERSION = 5.0;
				TARGETED_DEVICE_FAMILY = 1;
			};
			name = Debug;
		};
		5BB37289267BB0DA00B3B953 /* Release */ = {
			isa = XCBuildConfiguration;
			baseConfigurationReference = E1966B2266D94390E91B16D1 /* Pods-recipes.release.xcconfig */;
			buildSettings = {
				ASSETCATALOG_COMPILER_APPICON_NAME = AppIcon;
				ASSETCATALOG_COMPILER_GLOBAL_ACCENT_COLOR_NAME = AccentColor;
				CODE_SIGN_STYLE = Automatic;
				DEVELOPMENT_TEAM = N3H6G9NC2G;
				INFOPLIST_FILE = "recipes/Supporting Files/Info.plist";
				IPHONEOS_DEPLOYMENT_TARGET = 11.0;
				LD_RUNPATH_SEARCH_PATHS = (
					"$(inherited)",
					"@executable_path/Frameworks",
				);
				PRODUCT_BUNDLE_IDENTIFIER = com.elsaadany.recipes;
				PRODUCT_NAME = "$(TARGET_NAME)";
				SWIFT_VERSION = 5.0;
				TARGETED_DEVICE_FAMILY = 1;
			};
			name = Release;
		};
		5BB3728B267BB0DA00B3B953 /* Debug */ = {
			isa = XCBuildConfiguration;
			baseConfigurationReference = 278652C272873DF2B4164B79 /* Pods-recipesTests.debug.xcconfig */;
			buildSettings = {
				ALWAYS_EMBED_SWIFT_STANDARD_LIBRARIES = YES;
				BUNDLE_LOADER = "$(TEST_HOST)";
				CODE_SIGN_STYLE = Automatic;
				DEVELOPMENT_TEAM = N3H6G9NC2G;
				INFOPLIST_FILE = recipesTests/Info.plist;
				IPHONEOS_DEPLOYMENT_TARGET = 14.3;
				LD_RUNPATH_SEARCH_PATHS = (
					"$(inherited)",
					"@executable_path/Frameworks",
					"@loader_path/Frameworks",
				);
				PRODUCT_BUNDLE_IDENTIFIER = com.elsaadany.recipesTests;
				PRODUCT_NAME = "$(TARGET_NAME)";
				SWIFT_VERSION = 5.0;
				TARGETED_DEVICE_FAMILY = "1,2";
				TEST_HOST = "$(BUILT_PRODUCTS_DIR)/recipes.app/recipes";
			};
			name = Debug;
		};
		5BB3728C267BB0DA00B3B953 /* Release */ = {
			isa = XCBuildConfiguration;
			baseConfigurationReference = CB5BC139624CC7AD3BE31910 /* Pods-recipesTests.release.xcconfig */;
			buildSettings = {
				ALWAYS_EMBED_SWIFT_STANDARD_LIBRARIES = YES;
				BUNDLE_LOADER = "$(TEST_HOST)";
				CODE_SIGN_STYLE = Automatic;
				DEVELOPMENT_TEAM = N3H6G9NC2G;
				INFOPLIST_FILE = recipesTests/Info.plist;
				IPHONEOS_DEPLOYMENT_TARGET = 14.3;
				LD_RUNPATH_SEARCH_PATHS = (
					"$(inherited)",
					"@executable_path/Frameworks",
					"@loader_path/Frameworks",
				);
				PRODUCT_BUNDLE_IDENTIFIER = com.elsaadany.recipesTests;
				PRODUCT_NAME = "$(TARGET_NAME)";
				SWIFT_VERSION = 5.0;
				TARGETED_DEVICE_FAMILY = "1,2";
				TEST_HOST = "$(BUILT_PRODUCTS_DIR)/recipes.app/recipes";
			};
			name = Release;
		};
		5BB3728E267BB0DA00B3B953 /* Debug */ = {
			isa = XCBuildConfiguration;
			baseConfigurationReference = 2609754F0CE32F666C43907B /* Pods-recipes-recipesUITests.debug.xcconfig */;
			buildSettings = {
				ALWAYS_EMBED_SWIFT_STANDARD_LIBRARIES = YES;
				CODE_SIGN_STYLE = Automatic;
				DEVELOPMENT_TEAM = N3H6G9NC2G;
				INFOPLIST_FILE = recipesUITests/Info.plist;
				LD_RUNPATH_SEARCH_PATHS = (
					"$(inherited)",
					"@executable_path/Frameworks",
					"@loader_path/Frameworks",
				);
				PRODUCT_BUNDLE_IDENTIFIER = com.elsaadany.recipesUITests;
				PRODUCT_NAME = "$(TARGET_NAME)";
				SWIFT_VERSION = 5.0;
				TARGETED_DEVICE_FAMILY = "1,2";
				TEST_TARGET_NAME = recipes;
			};
			name = Debug;
		};
		5BB3728F267BB0DA00B3B953 /* Release */ = {
			isa = XCBuildConfiguration;
			baseConfigurationReference = 270EC49AD434A8D02F89200A /* Pods-recipes-recipesUITests.release.xcconfig */;
			buildSettings = {
				ALWAYS_EMBED_SWIFT_STANDARD_LIBRARIES = YES;
				CODE_SIGN_STYLE = Automatic;
				DEVELOPMENT_TEAM = N3H6G9NC2G;
				INFOPLIST_FILE = recipesUITests/Info.plist;
				LD_RUNPATH_SEARCH_PATHS = (
					"$(inherited)",
					"@executable_path/Frameworks",
					"@loader_path/Frameworks",
				);
				PRODUCT_BUNDLE_IDENTIFIER = com.elsaadany.recipesUITests;
				PRODUCT_NAME = "$(TARGET_NAME)";
				SWIFT_VERSION = 5.0;
				TARGETED_DEVICE_FAMILY = "1,2";
				TEST_TARGET_NAME = recipes;
			};
			name = Release;
		};
/* End XCBuildConfiguration section */

/* Begin XCConfigurationList section */
		5BB37258267BB0D800B3B953 /* Build configuration list for PBXProject "recipes" */ = {
			isa = XCConfigurationList;
			buildConfigurations = (
				5BB37285267BB0DA00B3B953 /* Debug */,
				5BB37286267BB0DA00B3B953 /* Release */,
			);
			defaultConfigurationIsVisible = 0;
			defaultConfigurationName = Release;
		};
		5BB37287267BB0DA00B3B953 /* Build configuration list for PBXNativeTarget "recipes" */ = {
			isa = XCConfigurationList;
			buildConfigurations = (
				5BB37288267BB0DA00B3B953 /* Debug */,
				5BB37289267BB0DA00B3B953 /* Release */,
			);
			defaultConfigurationIsVisible = 0;
			defaultConfigurationName = Release;
		};
		5BB3728A267BB0DA00B3B953 /* Build configuration list for PBXNativeTarget "recipesTests" */ = {
			isa = XCConfigurationList;
			buildConfigurations = (
				5BB3728B267BB0DA00B3B953 /* Debug */,
				5BB3728C267BB0DA00B3B953 /* Release */,
			);
			defaultConfigurationIsVisible = 0;
			defaultConfigurationName = Release;
		};
		5BB3728D267BB0DA00B3B953 /* Build configuration list for PBXNativeTarget "recipesUITests" */ = {
			isa = XCConfigurationList;
			buildConfigurations = (
				5BB3728E267BB0DA00B3B953 /* Debug */,
				5BB3728F267BB0DA00B3B953 /* Release */,
			);
			defaultConfigurationIsVisible = 0;
			defaultConfigurationName = Release;
		};
/* End XCConfigurationList section */
	};
	rootObject = 5BB37255267BB0D800B3B953 /* Project object */;
}
